
Microsoft Visual Studio Solution File, Format Version 12.00
# Visual Studio Version 17
VisualStudioVersion = 17.5.33516.290
MinimumVisualStudioVersion = 10.0.40219.1
Project("{FAE04EC0-301F-11D3-BF4B-00C04F79EFBC}") = "Individual_3844", "Individual_3844.csproj", "{F68D33B5-CCF8-47AE-868A-7CCB11BF34C4}"
EndProject
Global
	GlobalSection(SolutionConfigurationPlatforms) = preSolution
		Debug|Any CPU = Debug|Any CPU
		Release|Any CPU = Release|Any CPU
	EndGlobalSection
	GlobalSection(ProjectConfigurationPlatforms) = postSolution
		{F68D33B5-CCF8-47AE-868A-7CCB11BF34C4}.Debug|Any CPU.ActiveCfg = Debug|Any CPU
		{F68D33B5-CCF8-47AE-868A-7CCB11BF34C4}.Debug|Any CPU.Build.0 = Debug|Any CPU
		{F68D33B5-CCF8-47AE-868A-7CCB11BF34C4}.Release|Any CPU.ActiveCfg = Release|Any CPU
		{F68D33B5-CCF8-47AE-868A-7CCB11BF34C4}.Release|Any CPU.Build.0 = Release|Any CPU
	EndGlobalSection
	GlobalSection(SolutionProperties) = preSolution
		HideSolutionNode = FALSE
	EndGlobalSection
	GlobalSection(ExtensibilityGlobals) = postSolution
		SolutionGuid = {AF05E75B-B09D-43CC-93A7-613E4BEE75CD}
	EndGlobalSection
EndGlobal
